
Microsoft Visual Studio Solution File, Format Version 12.00
# Visual Studio Version 17
VisualStudioVersion = 17.5.33627.172
MinimumVisualStudioVersion = 10.0.40219.1
Project("{8BC9CEB8-8B4A-11D0-8D11-00A0C91BC942}") = "VkFirstProgram", "VkFirstProgram\VkFirstProgram.vcxproj", "{6672C7D2-41D9-44B3-B6C2-BBDA69D5DCA5}"
	ProjectSection(ProjectDependencies) = postProject
		{6BC92C26-8102-42B2-BC3A-0C79A2A15EE8} = {6BC92C26-8102-42B2-BC3A-0C79A2A15EE8}
	EndProjectSection
EndProject
Project("{8BC9CEB8-8B4A-11D0-8D11-00A0C91BC942}") = "VkTexture", "VkTexture\VkTexture.vcxproj", "{7D6738AC-BD1B-4C04-B6C9-0D5B79494C19}"
	ProjectSection(ProjectDependencies) = postProject
		{6BC92C26-8102-42B2-BC3A-0C79A2A15EE8} = {6BC92C26-8102-42B2-BC3A-0C79A2A15EE8}
	EndProjectSection
EndProject
Project("{8BC9CEB8-8B4A-11D0-8D11-00A0C91BC942}") = "VkCamera", "VkCamera\VkCamera.vcxproj", "{766A11FB-6867-4B3C-80CE-7FB3D252F89F}"
	ProjectSection(ProjectDependencies) = postProject
		{6BC92C26-8102-42B2-BC3A-0C79A2A15EE8} = {6BC92C26-8102-42B2-BC3A-0C79A2A15EE8}
	EndProjectSection
EndProject
Project("{8BC9CEB8-8B4A-11D0-8D11-00A0C91BC942}") = "VkCube", "VkCube\VkCube.vcxproj", "{297DCFA7-2A64-4692-91AC-C56D164F71D8}"
	ProjectSection(ProjectDependencies) = postProject
		{6BC92C26-8102-42B2-BC3A-0C79A2A15EE8} = {6BC92C26-8102-42B2-BC3A-0C79A2A15EE8}
	EndProjectSection
EndProject
Project("{8BC9CEB8-8B4A-11D0-8D11-00A0C91BC942}") = "VkObjLoader", "VkObjLoader\VkObjLoader.vcxproj", "{29933127-5EF3-4BD8-9D22-AC8E92DE0E22}"
	ProjectSection(ProjectDependencies) = postProject
		{6BC92C26-8102-42B2-BC3A-0C79A2A15EE8} = {6BC92C26-8102-42B2-BC3A-0C79A2A15EE8}
	EndProjectSection
EndProject
Project("{8BC9CEB8-8B4A-11D0-8D11-00A0C91BC942}") = "VkImGui", "VkImGui\VkImGui.vcxproj", "{807A11EF-AC5F-4BC9-92EA-66A89F24F07E}"
	ProjectSection(ProjectDependencies) = postProject
		{6BC92C26-8102-42B2-BC3A-0C79A2A15EE8} = {6BC92C26-8102-42B2-BC3A-0C79A2A15EE8}
	EndProjectSection
EndProject
Project("{8BC9CEB8-8B4A-11D0-8D11-00A0C91BC942}") = "Imgui", "Imgui\Imgui.vcxproj", "{57A05AF1-8B67-4F6A-BE52-E7A70D90DEE8}"
EndProject
Project("{8BC9CEB8-8B4A-11D0-8D11-00A0C91BC942}") = "VkMultipleObjects", "VkMultipleObjects\VkMultipleObjects.vcxproj", "{7EC7230F-A1A3-496E-BB04-16C8EA659EDA}"
	ProjectSection(ProjectDependencies) = postProject
		{6BC92C26-8102-42B2-BC3A-0C79A2A15EE8} = {6BC92C26-8102-42B2-BC3A-0C79A2A15EE8}
	EndProjectSection
EndProject
Project("{8BC9CEB8-8B4A-11D0-8D11-00A0C91BC942}") = "VkLight", "VkLight\VkLight.vcxproj", "{FF942CF8-C8B3-4195-B6DE-4B64EE95191A}"
	ProjectSection(ProjectDependencies) = postProject
		{5843B23E-CE95-4EB0-8C7E-4D45B2552CB7} = {5843B23E-CE95-4EB0-8C7E-4D45B2552CB7}
		{965F80CD-5020-4FA0-852C-1BF85A4912A8} = {965F80CD-5020-4FA0-852C-1BF85A4912A8}
		{C3428495-639B-4D61-813C-485C0F5FE2D7} = {C3428495-639B-4D61-813C-485C0F5FE2D7}
	EndProjectSection
EndProject
Project("{8BC9CEB8-8B4A-11D0-8D11-00A0C91BC942}") = "VkDynamicUniformBuffer", "VkDynamicUniformBuffer\VkDynamicUniformBuffer.vcxproj", "{334B2874-D8AD-4056-8B9E-CC2F8BB2F437}"
	ProjectSection(ProjectDependencies) = postProject
		{5843B23E-CE95-4EB0-8C7E-4D45B2552CB7} = {5843B23E-CE95-4EB0-8C7E-4D45B2552CB7}
		{965F80CD-5020-4FA0-852C-1BF85A4912A8} = {965F80CD-5020-4FA0-852C-1BF85A4912A8}
		{C3428495-639B-4D61-813C-485C0F5FE2D7} = {C3428495-639B-4D61-813C-485C0F5FE2D7}
	EndProjectSection
EndProject
Project("{8BC9CEB8-8B4A-11D0-8D11-00A0C91BC942}") = "VkNormalMap", "VkNormalMap\VkNormalMap.vcxproj", "{00FBA3FF-44DD-422B-9809-C0B002A4CF00}"
	ProjectSection(ProjectDependencies) = postProject
		{194AE078-897A-4C41-A577-88FF7AB1C2D9} = {194AE078-897A-4C41-A577-88FF7AB1C2D9}
		{29D5E488-B746-436B-B1A7-C73508D5F940} = {29D5E488-B746-436B-B1A7-C73508D5F940}
		{FA3FB4FE-909F-4143-8ABC-0F4736FAB120} = {FA3FB4FE-909F-4143-8ABC-0F4736FAB120}
	EndProjectSection
EndProject
Project("{8BC9CEB8-8B4A-11D0-8D11-00A0C91BC942}") = "core_1.0", "core_1.0\core_1.0.vcxproj", "{6BC92C26-8102-42B2-BC3A-0C79A2A15EE8}"
EndProject
Project("{8BC9CEB8-8B4A-11D0-8D11-00A0C91BC942}") = "VkStorageBuffer", "VkStorageBuffer\VkStorageBuffer.vcxproj", "{96B4F449-1D97-4D82-AFEB-B03D6C4D015F}"
	ProjectSection(ProjectDependencies) = postProject
		{5843B23E-CE95-4EB0-8C7E-4D45B2552CB7} = {5843B23E-CE95-4EB0-8C7E-4D45B2552CB7}
		{C3428495-639B-4D61-813C-485C0F5FE2D7} = {C3428495-639B-4D61-813C-485C0F5FE2D7}
	EndProjectSection
EndProject
Project("{8BC9CEB8-8B4A-11D0-8D11-00A0C91BC942}") = "VkInstancedDrawing", "VkInstancedDrawing\VkInstancedDrawing.vcxproj", "{FF292D16-974B-45AD-BA15-63B493D63D6B}"
	ProjectSection(ProjectDependencies) = postProject
		{5843B23E-CE95-4EB0-8C7E-4D45B2552CB7} = {5843B23E-CE95-4EB0-8C7E-4D45B2552CB7}
		{965F80CD-5020-4FA0-852C-1BF85A4912A8} = {965F80CD-5020-4FA0-852C-1BF85A4912A8}
		{C3428495-639B-4D61-813C-485C0F5FE2D7} = {C3428495-639B-4D61-813C-485C0F5FE2D7}
	EndProjectSection
EndProject
Project("{8BC9CEB8-8B4A-11D0-8D11-00A0C91BC942}") = "core_1.1", "core_1.1\core_1.1.vcxproj", "{C3428495-639B-4D61-813C-485C0F5FE2D7}"
EndProject
Project("{2150E333-8FDC-42A3-9474-1A3956D46DE8}") = "Library", "Library", "{3BD39084-7D0F-465A-9DAC-1ECF01676265}"
EndProject
Project("{2150E333-8FDC-42A3-9474-1A3956D46DE8}") = "External", "External", "{E50DC2AB-7483-47C6-8ECB-B951E43B6C9F}"
EndProject
Project("{2150E333-8FDC-42A3-9474-1A3956D46DE8}") = "1.0", "1.0", "{38D9AD87-8AD9-49FF-B24E-EFFD856FB804}"
EndProject
Project("{2150E333-8FDC-42A3-9474-1A3956D46DE8}") = "1.1", "1.1", "{DE9E14B1-EEE3-4742-B33D-6BBE34D2BD91}"
EndProject
Project("{8BC9CEB8-8B4A-11D0-8D11-00A0C91BC942}") = "engine_1.1", "engine_1.1\engine_1.1.vcxproj", "{5843B23E-CE95-4EB0-8C7E-4D45B2552CB7}"
	ProjectSection(ProjectDependencies) = postProject
		{965F80CD-5020-4FA0-852C-1BF85A4912A8} = {965F80CD-5020-4FA0-852C-1BF85A4912A8}
		{C3428495-639B-4D61-813C-485C0F5FE2D7} = {C3428495-639B-4D61-813C-485C0F5FE2D7}
	EndProjectSection
EndProject
Project("{2150E333-8FDC-42A3-9474-1A3956D46DE8}") = "1.2", "1.2", "{A9CF35EF-95FA-4F1D-BB91-9F024668AAD9}"
EndProject
Project("{8BC9CEB8-8B4A-11D0-8D11-00A0C91BC942}") = "core_1.2", "core_1.2\core_1.2.vcxproj", "{194AE078-897A-4C41-A577-88FF7AB1C2D9}"
EndProject
Project("{8BC9CEB8-8B4A-11D0-8D11-00A0C91BC942}") = "engine_1.2", "engine_1.2\engine_1.2.vcxproj", "{29D5E488-B746-436B-B1A7-C73508D5F940}"
	ProjectSection(ProjectDependencies) = postProject
		{194AE078-897A-4C41-A577-88FF7AB1C2D9} = {194AE078-897A-4C41-A577-88FF7AB1C2D9}
		{FA3FB4FE-909F-4143-8ABC-0F4736FAB120} = {FA3FB4FE-909F-4143-8ABC-0F4736FAB120}
	EndProjectSection
EndProject
Project("{8BC9CEB8-8B4A-11D0-8D11-00A0C91BC942}") = "VkCubeMap", "VkCubeMap\VkCubeMap.vcxproj", "{34ADB347-8D31-498F-AF82-CDC35251A743}"
	ProjectSection(ProjectDependencies) = postProject
		{194AE078-897A-4C41-A577-88FF7AB1C2D9} = {194AE078-897A-4C41-A577-88FF7AB1C2D9}
		{29D5E488-B746-436B-B1A7-C73508D5F940} = {29D5E488-B746-436B-B1A7-C73508D5F940}
		{FA3FB4FE-909F-4143-8ABC-0F4736FAB120} = {FA3FB4FE-909F-4143-8ABC-0F4736FAB120}
	EndProjectSection
EndProject
Project("{8BC9CEB8-8B4A-11D0-8D11-00A0C91BC942}") = "rendering_1.1", "rendering_1.1\rendering_1.1.vcxproj", "{965F80CD-5020-4FA0-852C-1BF85A4912A8}"
	ProjectSection(ProjectDependencies) = postProject
		{57A05AF1-8B67-4F6A-BE52-E7A70D90DEE8} = {57A05AF1-8B67-4F6A-BE52-E7A70D90DEE8}
		{C3428495-639B-4D61-813C-485C0F5FE2D7} = {C3428495-639B-4D61-813C-485C0F5FE2D7}
	EndProjectSection
EndProject
Project("{8BC9CEB8-8B4A-11D0-8D11-00A0C91BC942}") = "rendering_1.2", "rendering_1.2\rendering_1.2.vcxproj", "{FA3FB4FE-909F-4143-8ABC-0F4736FAB120}"
	ProjectSection(ProjectDependencies) = postProject
		{194AE078-897A-4C41-A577-88FF7AB1C2D9} = {194AE078-897A-4C41-A577-88FF7AB1C2D9}
		{57A05AF1-8B67-4F6A-BE52-E7A70D90DEE8} = {57A05AF1-8B67-4F6A-BE52-E7A70D90DEE8}
	EndProjectSection
EndProject
Project("{8BC9CEB8-8B4A-11D0-8D11-00A0C91BC942}") = "VkEnvironmentMap", "VkEnvironmentMap\VkEnvironmentMap.vcxproj", "{5EF04DF1-6B9F-4B9E-AB98-248F1D977F1E}"
EndProject
Global
	GlobalSection(SolutionConfigurationPlatforms) = preSolution
		Debug|x64 = Debug|x64
		Debug|x86 = Debug|x86
		Release|x64 = Release|x64
		Release|x86 = Release|x86
	EndGlobalSection
	GlobalSection(ProjectConfigurationPlatforms) = postSolution
		{6672C7D2-41D9-44B3-B6C2-BBDA69D5DCA5}.Debug|x64.ActiveCfg = Debug|x64
		{6672C7D2-41D9-44B3-B6C2-BBDA69D5DCA5}.Debug|x64.Build.0 = Debug|x64
		{6672C7D2-41D9-44B3-B6C2-BBDA69D5DCA5}.Debug|x86.ActiveCfg = Debug|Win32
		{6672C7D2-41D9-44B3-B6C2-BBDA69D5DCA5}.Debug|x86.Build.0 = Debug|Win32
		{6672C7D2-41D9-44B3-B6C2-BBDA69D5DCA5}.Release|x64.ActiveCfg = Release|x64
		{6672C7D2-41D9-44B3-B6C2-BBDA69D5DCA5}.Release|x64.Build.0 = Release|x64
		{6672C7D2-41D9-44B3-B6C2-BBDA69D5DCA5}.Release|x86.ActiveCfg = Release|Win32
		{6672C7D2-41D9-44B3-B6C2-BBDA69D5DCA5}.Release|x86.Build.0 = Release|Win32
		{7D6738AC-BD1B-4C04-B6C9-0D5B79494C19}.Debug|x64.ActiveCfg = Debug|x64
		{7D6738AC-BD1B-4C04-B6C9-0D5B79494C19}.Debug|x64.Build.0 = Debug|x64
		{7D6738AC-BD1B-4C04-B6C9-0D5B79494C19}.Debug|x86.ActiveCfg = Debug|Win32
		{7D6738AC-BD1B-4C04-B6C9-0D5B79494C19}.Debug|x86.Build.0 = Debug|Win32
		{7D6738AC-BD1B-4C04-B6C9-0D5B79494C19}.Release|x64.ActiveCfg = Release|x64
		{7D6738AC-BD1B-4C04-B6C9-0D5B79494C19}.Release|x64.Build.0 = Release|x64
		{7D6738AC-BD1B-4C04-B6C9-0D5B79494C19}.Release|x86.ActiveCfg = Release|Win32
		{7D6738AC-BD1B-4C04-B6C9-0D5B79494C19}.Release|x86.Build.0 = Release|Win32
		{766A11FB-6867-4B3C-80CE-7FB3D252F89F}.Debug|x64.ActiveCfg = Debug|x64
		{766A11FB-6867-4B3C-80CE-7FB3D252F89F}.Debug|x64.Build.0 = Debug|x64
		{766A11FB-6867-4B3C-80CE-7FB3D252F89F}.Debug|x86.ActiveCfg = Debug|Win32
		{766A11FB-6867-4B3C-80CE-7FB3D252F89F}.Debug|x86.Build.0 = Debug|Win32
		{766A11FB-6867-4B3C-80CE-7FB3D252F89F}.Release|x64.ActiveCfg = Release|x64
		{766A11FB-6867-4B3C-80CE-7FB3D252F89F}.Release|x64.Build.0 = Release|x64
		{766A11FB-6867-4B3C-80CE-7FB3D252F89F}.Release|x86.ActiveCfg = Release|Win32
		{766A11FB-6867-4B3C-80CE-7FB3D252F89F}.Release|x86.Build.0 = Release|Win32
		{297DCFA7-2A64-4692-91AC-C56D164F71D8}.Debug|x64.ActiveCfg = Debug|x64
		{297DCFA7-2A64-4692-91AC-C56D164F71D8}.Debug|x64.Build.0 = Debug|x64
		{297DCFA7-2A64-4692-91AC-C56D164F71D8}.Debug|x86.ActiveCfg = Debug|Win32
		{297DCFA7-2A64-4692-91AC-C56D164F71D8}.Debug|x86.Build.0 = Debug|Win32
		{297DCFA7-2A64-4692-91AC-C56D164F71D8}.Release|x64.ActiveCfg = Release|x64
		{297DCFA7-2A64-4692-91AC-C56D164F71D8}.Release|x64.Build.0 = Release|x64
		{297DCFA7-2A64-4692-91AC-C56D164F71D8}.Release|x86.ActiveCfg = Release|Win32
		{297DCFA7-2A64-4692-91AC-C56D164F71D8}.Release|x86.Build.0 = Release|Win32
		{29933127-5EF3-4BD8-9D22-AC8E92DE0E22}.Debug|x64.ActiveCfg = Debug|x64
		{29933127-5EF3-4BD8-9D22-AC8E92DE0E22}.Debug|x64.Build.0 = Debug|x64
		{29933127-5EF3-4BD8-9D22-AC8E92DE0E22}.Debug|x86.ActiveCfg = Debug|Win32
		{29933127-5EF3-4BD8-9D22-AC8E92DE0E22}.Debug|x86.Build.0 = Debug|Win32
		{29933127-5EF3-4BD8-9D22-AC8E92DE0E22}.Release|x64.ActiveCfg = Release|x64
		{29933127-5EF3-4BD8-9D22-AC8E92DE0E22}.Release|x64.Build.0 = Release|x64
		{29933127-5EF3-4BD8-9D22-AC8E92DE0E22}.Release|x86.ActiveCfg = Release|Win32
		{29933127-5EF3-4BD8-9D22-AC8E92DE0E22}.Release|x86.Build.0 = Release|Win32
		{807A11EF-AC5F-4BC9-92EA-66A89F24F07E}.Debug|x64.ActiveCfg = Debug|x64
		{807A11EF-AC5F-4BC9-92EA-66A89F24F07E}.Debug|x64.Build.0 = Debug|x64
		{807A11EF-AC5F-4BC9-92EA-66A89F24F07E}.Debug|x86.ActiveCfg = Debug|Win32
		{807A11EF-AC5F-4BC9-92EA-66A89F24F07E}.Debug|x86.Build.0 = Debug|Win32
		{807A11EF-AC5F-4BC9-92EA-66A89F24F07E}.Release|x64.ActiveCfg = Release|x64
		{807A11EF-AC5F-4BC9-92EA-66A89F24F07E}.Release|x64.Build.0 = Release|x64
		{807A11EF-AC5F-4BC9-92EA-66A89F24F07E}.Release|x86.ActiveCfg = Release|Win32
		{807A11EF-AC5F-4BC9-92EA-66A89F24F07E}.Release|x86.Build.0 = Release|Win32
		{57A05AF1-8B67-4F6A-BE52-E7A70D90DEE8}.Debug|x64.ActiveCfg = Debug|x64
		{57A05AF1-8B67-4F6A-BE52-E7A70D90DEE8}.Debug|x64.Build.0 = Debug|x64
		{57A05AF1-8B67-4F6A-BE52-E7A70D90DEE8}.Debug|x86.ActiveCfg = Debug|Win32
		{57A05AF1-8B67-4F6A-BE52-E7A70D90DEE8}.Debug|x86.Build.0 = Debug|Win32
		{57A05AF1-8B67-4F6A-BE52-E7A70D90DEE8}.Release|x64.ActiveCfg = Release|x64
		{57A05AF1-8B67-4F6A-BE52-E7A70D90DEE8}.Release|x64.Build.0 = Release|x64
		{57A05AF1-8B67-4F6A-BE52-E7A70D90DEE8}.Release|x86.ActiveCfg = Release|Win32
		{57A05AF1-8B67-4F6A-BE52-E7A70D90DEE8}.Release|x86.Build.0 = Release|Win32
		{7EC7230F-A1A3-496E-BB04-16C8EA659EDA}.Debug|x64.ActiveCfg = Debug|x64
		{7EC7230F-A1A3-496E-BB04-16C8EA659EDA}.Debug|x64.Build.0 = Debug|x64
		{7EC7230F-A1A3-496E-BB04-16C8EA659EDA}.Debug|x86.ActiveCfg = Debug|Win32
		{7EC7230F-A1A3-496E-BB04-16C8EA659EDA}.Debug|x86.Build.0 = Debug|Win32
		{7EC7230F-A1A3-496E-BB04-16C8EA659EDA}.Release|x64.ActiveCfg = Release|x64
		{7EC7230F-A1A3-496E-BB04-16C8EA659EDA}.Release|x64.Build.0 = Release|x64
		{7EC7230F-A1A3-496E-BB04-16C8EA659EDA}.Release|x86.ActiveCfg = Release|Win32
		{7EC7230F-A1A3-496E-BB04-16C8EA659EDA}.Release|x86.Build.0 = Release|Win32
		{FF942CF8-C8B3-4195-B6DE-4B64EE95191A}.Debug|x64.ActiveCfg = Debug|x64
		{FF942CF8-C8B3-4195-B6DE-4B64EE95191A}.Debug|x64.Build.0 = Debug|x64
		{FF942CF8-C8B3-4195-B6DE-4B64EE95191A}.Debug|x86.ActiveCfg = Debug|Win32
		{FF942CF8-C8B3-4195-B6DE-4B64EE95191A}.Debug|x86.Build.0 = Debug|Win32
		{FF942CF8-C8B3-4195-B6DE-4B64EE95191A}.Release|x64.ActiveCfg = Release|x64
		{FF942CF8-C8B3-4195-B6DE-4B64EE95191A}.Release|x64.Build.0 = Release|x64
		{FF942CF8-C8B3-4195-B6DE-4B64EE95191A}.Release|x86.ActiveCfg = Release|Win32
		{FF942CF8-C8B3-4195-B6DE-4B64EE95191A}.Release|x86.Build.0 = Release|Win32
		{334B2874-D8AD-4056-8B9E-CC2F8BB2F437}.Debug|x64.ActiveCfg = Debug|x64
		{334B2874-D8AD-4056-8B9E-CC2F8BB2F437}.Debug|x64.Build.0 = Debug|x64
		{334B2874-D8AD-4056-8B9E-CC2F8BB2F437}.Debug|x86.ActiveCfg = Debug|Win32
		{334B2874-D8AD-4056-8B9E-CC2F8BB2F437}.Debug|x86.Build.0 = Debug|Win32
		{334B2874-D8AD-4056-8B9E-CC2F8BB2F437}.Release|x64.ActiveCfg = Release|x64
		{334B2874-D8AD-4056-8B9E-CC2F8BB2F437}.Release|x64.Build.0 = Release|x64
		{334B2874-D8AD-4056-8B9E-CC2F8BB2F437}.Release|x86.ActiveCfg = Release|Win32
		{334B2874-D8AD-4056-8B9E-CC2F8BB2F437}.Release|x86.Build.0 = Release|Win32
		{00FBA3FF-44DD-422B-9809-C0B002A4CF00}.Debug|x64.ActiveCfg = Debug|x64
		{00FBA3FF-44DD-422B-9809-C0B002A4CF00}.Debug|x64.Build.0 = Debug|x64
		{00FBA3FF-44DD-422B-9809-C0B002A4CF00}.Debug|x86.ActiveCfg = Debug|Win32
		{00FBA3FF-44DD-422B-9809-C0B002A4CF00}.Debug|x86.Build.0 = Debug|Win32
		{00FBA3FF-44DD-422B-9809-C0B002A4CF00}.Release|x64.ActiveCfg = Release|x64
		{00FBA3FF-44DD-422B-9809-C0B002A4CF00}.Release|x64.Build.0 = Release|x64
		{00FBA3FF-44DD-422B-9809-C0B002A4CF00}.Release|x86.ActiveCfg = Release|Win32
		{00FBA3FF-44DD-422B-9809-C0B002A4CF00}.Release|x86.Build.0 = Release|Win32
		{6BC92C26-8102-42B2-BC3A-0C79A2A15EE8}.Debug|x64.ActiveCfg = Debug|x64
		{6BC92C26-8102-42B2-BC3A-0C79A2A15EE8}.Debug|x64.Build.0 = Debug|x64
		{6BC92C26-8102-42B2-BC3A-0C79A2A15EE8}.Debug|x86.ActiveCfg = Debug|Win32
		{6BC92C26-8102-42B2-BC3A-0C79A2A15EE8}.Debug|x86.Build.0 = Debug|Win32
		{6BC92C26-8102-42B2-BC3A-0C79A2A15EE8}.Release|x64.ActiveCfg = Release|x64
		{6BC92C26-8102-42B2-BC3A-0C79A2A15EE8}.Release|x64.Build.0 = Release|x64
		{6BC92C26-8102-42B2-BC3A-0C79A2A15EE8}.Release|x86.ActiveCfg = Release|Win32
		{6BC92C26-8102-42B2-BC3A-0C79A2A15EE8}.Release|x86.Build.0 = Release|Win32
		{96B4F449-1D97-4D82-AFEB-B03D6C4D015F}.Debug|x64.ActiveCfg = Debug|x64
		{96B4F449-1D97-4D82-AFEB-B03D6C4D015F}.Debug|x64.Build.0 = Debug|x64
		{96B4F449-1D97-4D82-AFEB-B03D6C4D015F}.Debug|x86.ActiveCfg = Debug|Win32
		{96B4F449-1D97-4D82-AFEB-B03D6C4D015F}.Debug|x86.Build.0 = Debug|Win32
		{96B4F449-1D97-4D82-AFEB-B03D6C4D015F}.Release|x64.ActiveCfg = Release|x64
		{96B4F449-1D97-4D82-AFEB-B03D6C4D015F}.Release|x64.Build.0 = Release|x64
		{96B4F449-1D97-4D82-AFEB-B03D6C4D015F}.Release|x86.ActiveCfg = Release|Win32
		{96B4F449-1D97-4D82-AFEB-B03D6C4D015F}.Release|x86.Build.0 = Release|Win32
		{FF292D16-974B-45AD-BA15-63B493D63D6B}.Debug|x64.ActiveCfg = Debug|x64
		{FF292D16-974B-45AD-BA15-63B493D63D6B}.Debug|x64.Build.0 = Debug|x64
		{FF292D16-974B-45AD-BA15-63B493D63D6B}.Debug|x86.ActiveCfg = Debug|Win32
		{FF292D16-974B-45AD-BA15-63B493D63D6B}.Debug|x86.Build.0 = Debug|Win32
		{FF292D16-974B-45AD-BA15-63B493D63D6B}.Release|x64.ActiveCfg = Release|x64
		{FF292D16-974B-45AD-BA15-63B493D63D6B}.Release|x64.Build.0 = Release|x64
		{FF292D16-974B-45AD-BA15-63B493D63D6B}.Release|x86.ActiveCfg = Release|Win32
		{FF292D16-974B-45AD-BA15-63B493D63D6B}.Release|x86.Build.0 = Release|Win32
		{C3428495-639B-4D61-813C-485C0F5FE2D7}.Debug|x64.ActiveCfg = Debug|x64
		{C3428495-639B-4D61-813C-485C0F5FE2D7}.Debug|x64.Build.0 = Debug|x64
		{C3428495-639B-4D61-813C-485C0F5FE2D7}.Debug|x86.ActiveCfg = Debug|Win32
		{C3428495-639B-4D61-813C-485C0F5FE2D7}.Debug|x86.Build.0 = Debug|Win32
		{C3428495-639B-4D61-813C-485C0F5FE2D7}.Release|x64.ActiveCfg = Release|x64
		{C3428495-639B-4D61-813C-485C0F5FE2D7}.Release|x64.Build.0 = Release|x64
		{C3428495-639B-4D61-813C-485C0F5FE2D7}.Release|x86.ActiveCfg = Release|Win32
		{C3428495-639B-4D61-813C-485C0F5FE2D7}.Release|x86.Build.0 = Release|Win32
		{5843B23E-CE95-4EB0-8C7E-4D45B2552CB7}.Debug|x64.ActiveCfg = Debug|x64
		{5843B23E-CE95-4EB0-8C7E-4D45B2552CB7}.Debug|x64.Build.0 = Debug|x64
		{5843B23E-CE95-4EB0-8C7E-4D45B2552CB7}.Debug|x86.ActiveCfg = Debug|Win32
		{5843B23E-CE95-4EB0-8C7E-4D45B2552CB7}.Debug|x86.Build.0 = Debug|Win32
		{5843B23E-CE95-4EB0-8C7E-4D45B2552CB7}.Release|x64.ActiveCfg = Release|x64
		{5843B23E-CE95-4EB0-8C7E-4D45B2552CB7}.Release|x64.Build.0 = Release|x64
		{5843B23E-CE95-4EB0-8C7E-4D45B2552CB7}.Release|x86.ActiveCfg = Release|Win32
		{5843B23E-CE95-4EB0-8C7E-4D45B2552CB7}.Release|x86.Build.0 = Release|Win32
		{194AE078-897A-4C41-A577-88FF7AB1C2D9}.Debug|x64.ActiveCfg = Debug|x64
		{194AE078-897A-4C41-A577-88FF7AB1C2D9}.Debug|x64.Build.0 = Debug|x64
		{194AE078-897A-4C41-A577-88FF7AB1C2D9}.Debug|x86.ActiveCfg = Debug|Win32
		{194AE078-897A-4C41-A577-88FF7AB1C2D9}.Debug|x86.Build.0 = Debug|Win32
		{194AE078-897A-4C41-A577-88FF7AB1C2D9}.Release|x64.ActiveCfg = Release|x64
		{194AE078-897A-4C41-A577-88FF7AB1C2D9}.Release|x64.Build.0 = Release|x64
		{194AE078-897A-4C41-A577-88FF7AB1C2D9}.Release|x86.ActiveCfg = Release|Win32
		{194AE078-897A-4C41-A577-88FF7AB1C2D9}.Release|x86.Build.0 = Release|Win32
		{29D5E488-B746-436B-B1A7-C73508D5F940}.Debug|x64.ActiveCfg = Debug|x64
		{29D5E488-B746-436B-B1A7-C73508D5F940}.Debug|x64.Build.0 = Debug|x64
		{29D5E488-B746-436B-B1A7-C73508D5F940}.Debug|x86.ActiveCfg = Debug|Win32
		{29D5E488-B746-436B-B1A7-C73508D5F940}.Debug|x86.Build.0 = Debug|Win32
		{29D5E488-B746-436B-B1A7-C73508D5F940}.Release|x64.ActiveCfg = Release|x64
		{29D5E488-B746-436B-B1A7-C73508D5F940}.Release|x64.Build.0 = Release|x64
		{29D5E488-B746-436B-B1A7-C73508D5F940}.Release|x86.ActiveCfg = Release|Win32
		{29D5E488-B746-436B-B1A7-C73508D5F940}.Release|x86.Build.0 = Release|Win32
		{34ADB347-8D31-498F-AF82-CDC35251A743}.Debug|x64.ActiveCfg = Debug|x64
		{34ADB347-8D31-498F-AF82-CDC35251A743}.Debug|x64.Build.0 = Debug|x64
		{34ADB347-8D31-498F-AF82-CDC35251A743}.Debug|x86.ActiveCfg = Debug|Win32
		{34ADB347-8D31-498F-AF82-CDC35251A743}.Debug|x86.Build.0 = Debug|Win32
		{34ADB347-8D31-498F-AF82-CDC35251A743}.Release|x64.ActiveCfg = Release|x64
		{34ADB347-8D31-498F-AF82-CDC35251A743}.Release|x64.Build.0 = Release|x64
		{34ADB347-8D31-498F-AF82-CDC35251A743}.Release|x86.ActiveCfg = Release|Win32
		{34ADB347-8D31-498F-AF82-CDC35251A743}.Release|x86.Build.0 = Release|Win32
		{965F80CD-5020-4FA0-852C-1BF85A4912A8}.Debug|x64.ActiveCfg = Debug|x64
		{965F80CD-5020-4FA0-852C-1BF85A4912A8}.Debug|x64.Build.0 = Debug|x64
		{965F80CD-5020-4FA0-852C-1BF85A4912A8}.Debug|x86.ActiveCfg = Debug|Win32
		{965F80CD-5020-4FA0-852C-1BF85A4912A8}.Debug|x86.Build.0 = Debug|Win32
		{965F80CD-5020-4FA0-852C-1BF85A4912A8}.Release|x64.ActiveCfg = Release|x64
		{965F80CD-5020-4FA0-852C-1BF85A4912A8}.Release|x64.Build.0 = Release|x64
		{965F80CD-5020-4FA0-852C-1BF85A4912A8}.Release|x86.ActiveCfg = Release|Win32
		{965F80CD-5020-4FA0-852C-1BF85A4912A8}.Release|x86.Build.0 = Release|Win32
		{FA3FB4FE-909F-4143-8ABC-0F4736FAB120}.Debug|x64.ActiveCfg = Debug|x64
		{FA3FB4FE-909F-4143-8ABC-0F4736FAB120}.Debug|x64.Build.0 = Debug|x64
		{FA3FB4FE-909F-4143-8ABC-0F4736FAB120}.Debug|x86.ActiveCfg = Debug|Win32
		{FA3FB4FE-909F-4143-8ABC-0F4736FAB120}.Debug|x86.Build.0 = Debug|Win32
		{FA3FB4FE-909F-4143-8ABC-0F4736FAB120}.Release|x64.ActiveCfg = Release|x64
		{FA3FB4FE-909F-4143-8ABC-0F4736FAB120}.Release|x64.Build.0 = Release|x64
		{FA3FB4FE-909F-4143-8ABC-0F4736FAB120}.Release|x86.ActiveCfg = Release|Win32
		{FA3FB4FE-909F-4143-8ABC-0F4736FAB120}.Release|x86.Build.0 = Release|Win32
		{5EF04DF1-6B9F-4B9E-AB98-248F1D977F1E}.Debug|x64.ActiveCfg = Debug|x64
		{5EF04DF1-6B9F-4B9E-AB98-248F1D977F1E}.Debug|x64.Build.0 = Debug|x64
		{5EF04DF1-6B9F-4B9E-AB98-248F1D977F1E}.Debug|x86.ActiveCfg = Debug|Win32
		{5EF04DF1-6B9F-4B9E-AB98-248F1D977F1E}.Debug|x86.Build.0 = Debug|Win32
		{5EF04DF1-6B9F-4B9E-AB98-248F1D977F1E}.Release|x64.ActiveCfg = Release|x64
		{5EF04DF1-6B9F-4B9E-AB98-248F1D977F1E}.Release|x64.Build.0 = Release|x64
		{5EF04DF1-6B9F-4B9E-AB98-248F1D977F1E}.Release|x86.ActiveCfg = Release|Win32
		{5EF04DF1-6B9F-4B9E-AB98-248F1D977F1E}.Release|x86.Build.0 = Release|Win32
	EndGlobalSection
	GlobalSection(SolutionProperties) = preSolution
		HideSolutionNode = FALSE
	EndGlobalSection
	GlobalSection(NestedProjects) = preSolution
		{6672C7D2-41D9-44B3-B6C2-BBDA69D5DCA5} = {38D9AD87-8AD9-49FF-B24E-EFFD856FB804}
		{7D6738AC-BD1B-4C04-B6C9-0D5B79494C19} = {38D9AD87-8AD9-49FF-B24E-EFFD856FB804}
		{766A11FB-6867-4B3C-80CE-7FB3D252F89F} = {38D9AD87-8AD9-49FF-B24E-EFFD856FB804}
		{297DCFA7-2A64-4692-91AC-C56D164F71D8} = {38D9AD87-8AD9-49FF-B24E-EFFD856FB804}
		{29933127-5EF3-4BD8-9D22-AC8E92DE0E22} = {38D9AD87-8AD9-49FF-B24E-EFFD856FB804}
		{807A11EF-AC5F-4BC9-92EA-66A89F24F07E} = {38D9AD87-8AD9-49FF-B24E-EFFD856FB804}
		{57A05AF1-8B67-4F6A-BE52-E7A70D90DEE8} = {E50DC2AB-7483-47C6-8ECB-B951E43B6C9F}
		{7EC7230F-A1A3-496E-BB04-16C8EA659EDA} = {38D9AD87-8AD9-49FF-B24E-EFFD856FB804}
		{FF942CF8-C8B3-4195-B6DE-4B64EE95191A} = {DE9E14B1-EEE3-4742-B33D-6BBE34D2BD91}
		{334B2874-D8AD-4056-8B9E-CC2F8BB2F437} = {DE9E14B1-EEE3-4742-B33D-6BBE34D2BD91}
		{00FBA3FF-44DD-422B-9809-C0B002A4CF00} = {A9CF35EF-95FA-4F1D-BB91-9F024668AAD9}
		{6BC92C26-8102-42B2-BC3A-0C79A2A15EE8} = {3BD39084-7D0F-465A-9DAC-1ECF01676265}
		{96B4F449-1D97-4D82-AFEB-B03D6C4D015F} = {DE9E14B1-EEE3-4742-B33D-6BBE34D2BD91}
		{FF292D16-974B-45AD-BA15-63B493D63D6B} = {DE9E14B1-EEE3-4742-B33D-6BBE34D2BD91}
		{C3428495-639B-4D61-813C-485C0F5FE2D7} = {3BD39084-7D0F-465A-9DAC-1ECF01676265}
		{5843B23E-CE95-4EB0-8C7E-4D45B2552CB7} = {3BD39084-7D0F-465A-9DAC-1ECF01676265}
		{194AE078-897A-4C41-A577-88FF7AB1C2D9} = {3BD39084-7D0F-465A-9DAC-1ECF01676265}
		{29D5E488-B746-436B-B1A7-C73508D5F940} = {3BD39084-7D0F-465A-9DAC-1ECF01676265}
		{34ADB347-8D31-498F-AF82-CDC35251A743} = {A9CF35EF-95FA-4F1D-BB91-9F024668AAD9}
		{965F80CD-5020-4FA0-852C-1BF85A4912A8} = {3BD39084-7D0F-465A-9DAC-1ECF01676265}
		{FA3FB4FE-909F-4143-8ABC-0F4736FAB120} = {3BD39084-7D0F-465A-9DAC-1ECF01676265}
		{5EF04DF1-6B9F-4B9E-AB98-248F1D977F1E} = {A9CF35EF-95FA-4F1D-BB91-9F024668AAD9}
	EndGlobalSection
	GlobalSection(ExtensibilityGlobals) = postSolution
		SolutionGuid = {0AE31118-E1C4-4C48-8102-C5F0A100AFE2}
	EndGlobalSection
EndGlobal
