
Microsoft Visual Studio Solution File, Format Version 12.00
# Visual Studio Version 17
VisualStudioVersion = 17.5.33627.172
MinimumVisualStudioVersion = 10.0.40219.1
Project("{8BC9CEB8-8B4A-11D0-8D11-00A0C91BC942}") = "VkFirstProgram", "VkFirstProgram\VkFirstProgram.vcxproj", "{6672C7D2-41D9-44B3-B6C2-BBDA69D5DCA5}"
	ProjectSection(ProjectDependencies) = postProject
		{6BC92C26-8102-42B2-BC3A-0C79A2A15EE8} = {6BC92C26-8102-42B2-BC3A-0C79A2A15EE8}
	EndProjectSection
EndProject
Project("{8BC9CEB8-8B4A-11D0-8D11-00A0C91BC942}") = "VkTexture", "VkTexture\VkTexture.vcxproj", "{7D6738AC-BD1B-4C04-B6C9-0D5B79494C19}"
	ProjectSection(ProjectDependencies) = postProject
		{6BC92C26-8102-42B2-BC3A-0C79A2A15EE8} = {6BC92C26-8102-42B2-BC3A-0C79A2A15EE8}
	EndProjectSection
EndProject
Project("{8BC9CEB8-8B4A-11D0-8D11-00A0C91BC942}") = "VkCamera", "VkCamera\VkCamera.vcxproj", "{766A11FB-6867-4B3C-80CE-7FB3D252F89F}"
	ProjectSection(ProjectDependencies) = postProject
		{6BC92C26-8102-42B2-BC3A-0C79A2A15EE8} = {6BC92C26-8102-42B2-BC3A-0C79A2A15EE8}
	EndProjectSection
EndProject
Project("{8BC9CEB8-8B4A-11D0-8D11-00A0C91BC942}") = "VkCube", "VkCube\VkCube.vcxproj", "{297DCFA7-2A64-4692-91AC-C56D164F71D8}"
	ProjectSection(ProjectDependencies) = postProject
		{6BC92C26-8102-42B2-BC3A-0C79A2A15EE8} = {6BC92C26-8102-42B2-BC3A-0C79A2A15EE8}
	EndProjectSection
EndProject
Project("{8BC9CEB8-8B4A-11D0-8D11-00A0C91BC942}") = "VkObjLoader", "VkObjLoader\VkObjLoader.vcxproj", "{29933127-5EF3-4BD8-9D22-AC8E92DE0E22}"
	ProjectSection(ProjectDependencies) = postProject
		{6BC92C26-8102-42B2-BC3A-0C79A2A15EE8} = {6BC92C26-8102-42B2-BC3A-0C79A2A15EE8}
	EndProjectSection
EndProject
Project("{8BC9CEB8-8B4A-11D0-8D11-00A0C91BC942}") = "VkImGui", "VkImGui\VkImGui.vcxproj", "{807A11EF-AC5F-4BC9-92EA-66A89F24F07E}"
	ProjectSection(ProjectDependencies) = postProject
		{6BC92C26-8102-42B2-BC3A-0C79A2A15EE8} = {6BC92C26-8102-42B2-BC3A-0C79A2A15EE8}
	EndProjectSection
EndProject
Project("{8BC9CEB8-8B4A-11D0-8D11-00A0C91BC942}") = "Imgui", "Imgui\Imgui.vcxproj", "{57A05AF1-8B67-4F6A-BE52-E7A70D90DEE8}"
EndProject
Project("{8BC9CEB8-8B4A-11D0-8D11-00A0C91BC942}") = "VkMultipleObjects", "VkMultipleObjects\VkMultipleObjects.vcxproj", "{7EC7230F-A1A3-496E-BB04-16C8EA659EDA}"
	ProjectSection(ProjectDependencies) = postProject
		{6BC92C26-8102-42B2-BC3A-0C79A2A15EE8} = {6BC92C26-8102-42B2-BC3A-0C79A2A15EE8}
	EndProjectSection
EndProject
Project("{8BC9CEB8-8B4A-11D0-8D11-00A0C91BC942}") = "VkLight", "VkLight\VkLight.vcxproj", "{FF942CF8-C8B3-4195-B6DE-4B64EE95191A}"
	ProjectSection(ProjectDependencies) = postProject
		{5843B23E-CE95-4EB0-8C7E-4D45B2552CB7} = {5843B23E-CE95-4EB0-8C7E-4D45B2552CB7}
	EndProjectSection
EndProject
Project("{8BC9CEB8-8B4A-11D0-8D11-00A0C91BC942}") = "VkDynamicUniformBuffer", "VkDynamicUniformBuffer\VkDynamicUniformBuffer.vcxproj", "{334B2874-D8AD-4056-8B9E-CC2F8BB2F437}"
	ProjectSection(ProjectDependencies) = postProject
		{5843B23E-CE95-4EB0-8C7E-4D45B2552CB7} = {5843B23E-CE95-4EB0-8C7E-4D45B2552CB7}
	EndProjectSection
EndProject
Project("{8BC9CEB8-8B4A-11D0-8D11-00A0C91BC942}") = "VkNormalMap", "VkNormalMap\VkNormalMap.vcxproj", "{00FBA3FF-44DD-422B-9809-C0B002A4CF00}"
	ProjectSection(ProjectDependencies) = postProject
		{29D5E488-B746-436B-B1A7-C73508D5F940} = {29D5E488-B746-436B-B1A7-C73508D5F940}
	EndProjectSection
EndProject
Project("{8BC9CEB8-8B4A-11D0-8D11-00A0C91BC942}") = "VkStorageBuffer", "VkStorageBuffer\VkStorageBuffer.vcxproj", "{96B4F449-1D97-4D82-AFEB-B03D6C4D015F}"
	ProjectSection(ProjectDependencies) = postProject
		{5843B23E-CE95-4EB0-8C7E-4D45B2552CB7} = {5843B23E-CE95-4EB0-8C7E-4D45B2552CB7}
	EndProjectSection
EndProject
Project("{8BC9CEB8-8B4A-11D0-8D11-00A0C91BC942}") = "VkInstancedDrawing", "VkInstancedDrawing\VkInstancedDrawing.vcxproj", "{FF292D16-974B-45AD-BA15-63B493D63D6B}"
	ProjectSection(ProjectDependencies) = postProject
		{5843B23E-CE95-4EB0-8C7E-4D45B2552CB7} = {5843B23E-CE95-4EB0-8C7E-4D45B2552CB7}
	EndProjectSection
EndProject
Project("{2150E333-8FDC-42A3-9474-1A3956D46DE8}") = "Library", "Library", "{3BD39084-7D0F-465A-9DAC-1ECF01676265}"
EndProject
Project("{2150E333-8FDC-42A3-9474-1A3956D46DE8}") = "External", "External", "{E50DC2AB-7483-47C6-8ECB-B951E43B6C9F}"
EndProject
Project("{2150E333-8FDC-42A3-9474-1A3956D46DE8}") = "1.0", "1.0", "{38D9AD87-8AD9-49FF-B24E-EFFD856FB804}"
EndProject
Project("{2150E333-8FDC-42A3-9474-1A3956D46DE8}") = "1.1", "1.1", "{DE9E14B1-EEE3-4742-B33D-6BBE34D2BD91}"
EndProject
Project("{8BC9CEB8-8B4A-11D0-8D11-00A0C91BC942}") = "engine_1.1", "engine_1.1\engine_1.1.vcxproj", "{5843B23E-CE95-4EB0-8C7E-4D45B2552CB7}"
EndProject
Project("{2150E333-8FDC-42A3-9474-1A3956D46DE8}") = "1.2", "1.2", "{A9CF35EF-95FA-4F1D-BB91-9F024668AAD9}"
EndProject
Project("{8BC9CEB8-8B4A-11D0-8D11-00A0C91BC942}") = "engine_1.2", "engine_1.2\engine_1.2.vcxproj", "{29D5E488-B746-436B-B1A7-C73508D5F940}"
EndProject
Project("{8BC9CEB8-8B4A-11D0-8D11-00A0C91BC942}") = "VkCubeMap", "VkCubeMap\VkCubeMap.vcxproj", "{34ADB347-8D31-498F-AF82-CDC35251A743}"
	ProjectSection(ProjectDependencies) = postProject
		{29D5E488-B746-436B-B1A7-C73508D5F940} = {29D5E488-B746-436B-B1A7-C73508D5F940}
	EndProjectSection
EndProject
Project("{8BC9CEB8-8B4A-11D0-8D11-00A0C91BC942}") = "VkEnvironmentMap", "VkEnvironmentMap\VkEnvironmentMap.vcxproj", "{5EF04DF1-6B9F-4B9E-AB98-248F1D977F1E}"
	ProjectSection(ProjectDependencies) = postProject
		{29D5E488-B746-436B-B1A7-C73508D5F940} = {29D5E488-B746-436B-B1A7-C73508D5F940}
	EndProjectSection
EndProject
Project("{8BC9CEB8-8B4A-11D0-8D11-00A0C91BC942}") = "engine_1.0", "engine_1.0\engine_1.0.vcxproj", "{6BC92C26-8102-42B2-BC3A-0C79A2A15EE8}"
EndProject
Project("{8BC9CEB8-8B4A-11D0-8D11-00A0C91BC942}") = "engine_1.3", "engine_1.3\engine_1.3.vcxproj", "{3235917B-786A-4E7C-8C39-7B7E4FB3CA5D}"
EndProject
Project("{8BC9CEB8-8B4A-11D0-8D11-00A0C91BC942}") = "VkShadowMap", "VkShadowMap\VkShadowMap.vcxproj", "{CBE663F0-9044-401E-9E51-C7ACB5790E8F}"
	ProjectSection(ProjectDependencies) = postProject
		{3235917B-786A-4E7C-8C39-7B7E4FB3CA5D} = {3235917B-786A-4E7C-8C39-7B7E4FB3CA5D}
	EndProjectSection
EndProject
Project("{2150E333-8FDC-42A3-9474-1A3956D46DE8}") = "1.4", "1.4", "{2619B47A-4A24-45F0-A7FB-3DF447D6522A}"
EndProject
Global
	GlobalSection(SolutionConfigurationPlatforms) = preSolution
		Debug|x64 = Debug|x64
		Debug|x86 = Debug|x86
		Release|x64 = Release|x64
		Release|x86 = Release|x86
	EndGlobalSection
	GlobalSection(ProjectConfigurationPlatforms) = postSolution
		{6672C7D2-41D9-44B3-B6C2-BBDA69D5DCA5}.Debug|x64.ActiveCfg = Debug|x64
		{6672C7D2-41D9-44B3-B6C2-BBDA69D5DCA5}.Debug|x64.Build.0 = Debug|x64
		{6672C7D2-41D9-44B3-B6C2-BBDA69D5DCA5}.Debug|x86.ActiveCfg = Debug|Win32
		{6672C7D2-41D9-44B3-B6C2-BBDA69D5DCA5}.Debug|x86.Build.0 = Debug|Win32
		{6672C7D2-41D9-44B3-B6C2-BBDA69D5DCA5}.Release|x64.ActiveCfg = Release|x64
		{6672C7D2-41D9-44B3-B6C2-BBDA69D5DCA5}.Release|x64.Build.0 = Release|x64
		{6672C7D2-41D9-44B3-B6C2-BBDA69D5DCA5}.Release|x86.ActiveCfg = Release|Win32
		{6672C7D2-41D9-44B3-B6C2-BBDA69D5DCA5}.Release|x86.Build.0 = Release|Win32
		{7D6738AC-BD1B-4C04-B6C9-0D5B79494C19}.Debug|x64.ActiveCfg = Debug|x64
		{7D6738AC-BD1B-4C04-B6C9-0D5B79494C19}.Debug|x64.Build.0 = Debug|x64
		{7D6738AC-BD1B-4C04-B6C9-0D5B79494C19}.Debug|x86.ActiveCfg = Debug|Win32
		{7D6738AC-BD1B-4C04-B6C9-0D5B79494C19}.Debug|x86.Build.0 = Debug|Win32
		{7D6738AC-BD1B-4C04-B6C9-0D5B79494C19}.Release|x64.ActiveCfg = Release|x64
		{7D6738AC-BD1B-4C04-B6C9-0D5B79494C19}.Release|x64.Build.0 = Release|x64
		{7D6738AC-BD1B-4C04-B6C9-0D5B79494C19}.Release|x86.ActiveCfg = Release|Win32
		{7D6738AC-BD1B-4C04-B6C9-0D5B79494C19}.Release|x86.Build.0 = Release|Win32
		{766A11FB-6867-4B3C-80CE-7FB3D252F89F}.Debug|x64.ActiveCfg = Debug|x64
		{766A11FB-6867-4B3C-80CE-7FB3D252F89F}.Debug|x64.Build.0 = Debug|x64
		{766A11FB-6867-4B3C-80CE-7FB3D252F89F}.Debug|x86.ActiveCfg = Debug|Win32
		{766A11FB-6867-4B3C-80CE-7FB3D252F89F}.Debug|x86.Build.0 = Debug|Win32
		{766A11FB-6867-4B3C-80CE-7FB3D252F89F}.Release|x64.ActiveCfg = Release|x64
		{766A11FB-6867-4B3C-80CE-7FB3D252F89F}.Release|x64.Build.0 = Release|x64
		{766A11FB-6867-4B3C-80CE-7FB3D252F89F}.Release|x86.ActiveCfg = Release|Win32
		{766A11FB-6867-4B3C-80CE-7FB3D252F89F}.Release|x86.Build.0 = Release|Win32
		{297DCFA7-2A64-4692-91AC-C56D164F71D8}.Debug|x64.ActiveCfg = Debug|x64
		{297DCFA7-2A64-4692-91AC-C56D164F71D8}.Debug|x64.Build.0 = Debug|x64
		{297DCFA7-2A64-4692-91AC-C56D164F71D8}.Debug|x86.ActiveCfg = Debug|Win32
		{297DCFA7-2A64-4692-91AC-C56D164F71D8}.Debug|x86.Build.0 = Debug|Win32
		{297DCFA7-2A64-4692-91AC-C56D164F71D8}.Release|x64.ActiveCfg = Release|x64
		{297DCFA7-2A64-4692-91AC-C56D164F71D8}.Release|x64.Build.0 = Release|x64
		{297DCFA7-2A64-4692-91AC-C56D164F71D8}.Release|x86.ActiveCfg = Release|Win32
		{297DCFA7-2A64-4692-91AC-C56D164F71D8}.Release|x86.Build.0 = Release|Win32
		{29933127-5EF3-4BD8-9D22-AC8E92DE0E22}.Debug|x64.ActiveCfg = Debug|x64
		{29933127-5EF3-4BD8-9D22-AC8E92DE0E22}.Debug|x64.Build.0 = Debug|x64
		{29933127-5EF3-4BD8-9D22-AC8E92DE0E22}.Debug|x86.ActiveCfg = Debug|Win32
		{29933127-5EF3-4BD8-9D22-AC8E92DE0E22}.Debug|x86.Build.0 = Debug|Win32
		{29933127-5EF3-4BD8-9D22-AC8E92DE0E22}.Release|x64.ActiveCfg = Release|x64
		{29933127-5EF3-4BD8-9D22-AC8E92DE0E22}.Release|x64.Build.0 = Release|x64
		{29933127-5EF3-4BD8-9D22-AC8E92DE0E22}.Release|x86.ActiveCfg = Release|Win32
		{29933127-5EF3-4BD8-9D22-AC8E92DE0E22}.Release|x86.Build.0 = Release|Win32
		{807A11EF-AC5F-4BC9-92EA-66A89F24F07E}.Debug|x64.ActiveCfg = Debug|x64
		{807A11EF-AC5F-4BC9-92EA-66A89F24F07E}.Debug|x64.Build.0 = Debug|x64
		{807A11EF-AC5F-4BC9-92EA-66A89F24F07E}.Debug|x86.ActiveCfg = Debug|Win32
		{807A11EF-AC5F-4BC9-92EA-66A89F24F07E}.Debug|x86.Build.0 = Debug|Win32
		{807A11EF-AC5F-4BC9-92EA-66A89F24F07E}.Release|x64.ActiveCfg = Release|x64
		{807A11EF-AC5F-4BC9-92EA-66A89F24F07E}.Release|x64.Build.0 = Release|x64
		{807A11EF-AC5F-4BC9-92EA-66A89F24F07E}.Release|x86.ActiveCfg = Release|Win32
		{807A11EF-AC5F-4BC9-92EA-66A89F24F07E}.Release|x86.Build.0 = Release|Win32
		{57A05AF1-8B67-4F6A-BE52-E7A70D90DEE8}.Debug|x64.ActiveCfg = Debug|x64
		{57A05AF1-8B67-4F6A-BE52-E7A70D90DEE8}.Debug|x64.Build.0 = Debug|x64
		{57A05AF1-8B67-4F6A-BE52-E7A70D90DEE8}.Debug|x86.ActiveCfg = Debug|Win32
		{57A05AF1-8B67-4F6A-BE52-E7A70D90DEE8}.Debug|x86.Build.0 = Debug|Win32
		{57A05AF1-8B67-4F6A-BE52-E7A70D90DEE8}.Release|x64.ActiveCfg = Release|x64
		{57A05AF1-8B67-4F6A-BE52-E7A70D90DEE8}.Release|x64.Build.0 = Release|x64
		{57A05AF1-8B67-4F6A-BE52-E7A70D90DEE8}.Release|x86.ActiveCfg = Release|Win32
		{57A05AF1-8B67-4F6A-BE52-E7A70D90DEE8}.Release|x86.Build.0 = Release|Win32
		{7EC7230F-A1A3-496E-BB04-16C8EA659EDA}.Debug|x64.ActiveCfg = Debug|x64
		{7EC7230F-A1A3-496E-BB04-16C8EA659EDA}.Debug|x64.Build.0 = Debug|x64
		{7EC7230F-A1A3-496E-BB04-16C8EA659EDA}.Debug|x86.ActiveCfg = Debug|Win32
		{7EC7230F-A1A3-496E-BB04-16C8EA659EDA}.Debug|x86.Build.0 = Debug|Win32
		{7EC7230F-A1A3-496E-BB04-16C8EA659EDA}.Release|x64.ActiveCfg = Release|x64
		{7EC7230F-A1A3-496E-BB04-16C8EA659EDA}.Release|x64.Build.0 = Release|x64
		{7EC7230F-A1A3-496E-BB04-16C8EA659EDA}.Release|x86.ActiveCfg = Release|Win32
		{7EC7230F-A1A3-496E-BB04-16C8EA659EDA}.Release|x86.Build.0 = Release|Win32
		{FF942CF8-C8B3-4195-B6DE-4B64EE95191A}.Debug|x64.ActiveCfg = Debug|x64
		{FF942CF8-C8B3-4195-B6DE-4B64EE95191A}.Debug|x64.Build.0 = Debug|x64
		{FF942CF8-C8B3-4195-B6DE-4B64EE95191A}.Debug|x86.ActiveCfg = Debug|Win32
		{FF942CF8-C8B3-4195-B6DE-4B64EE95191A}.Debug|x86.Build.0 = Debug|Win32
		{FF942CF8-C8B3-4195-B6DE-4B64EE95191A}.Release|x64.ActiveCfg = Release|x64
		{FF942CF8-C8B3-4195-B6DE-4B64EE95191A}.Release|x64.Build.0 = Release|x64
		{FF942CF8-C8B3-4195-B6DE-4B64EE95191A}.Release|x86.ActiveCfg = Release|Win32
		{FF942CF8-C8B3-4195-B6DE-4B64EE95191A}.Release|x86.Build.0 = Release|Win32
		{334B2874-D8AD-4056-8B9E-CC2F8BB2F437}.Debug|x64.ActiveCfg = Debug|x64
		{334B2874-D8AD-4056-8B9E-CC2F8BB2F437}.Debug|x64.Build.0 = Debug|x64
		{334B2874-D8AD-4056-8B9E-CC2F8BB2F437}.Debug|x86.ActiveCfg = Debug|Win32
		{334B2874-D8AD-4056-8B9E-CC2F8BB2F437}.Debug|x86.Build.0 = Debug|Win32
		{334B2874-D8AD-4056-8B9E-CC2F8BB2F437}.Release|x64.ActiveCfg = Release|x64
		{334B2874-D8AD-4056-8B9E-CC2F8BB2F437}.Release|x64.Build.0 = Release|x64
		{334B2874-D8AD-4056-8B9E-CC2F8BB2F437}.Release|x86.ActiveCfg = Release|Win32
		{334B2874-D8AD-4056-8B9E-CC2F8BB2F437}.Release|x86.Build.0 = Release|Win32
		{00FBA3FF-44DD-422B-9809-C0B002A4CF00}.Debug|x64.ActiveCfg = Debug|x64
		{00FBA3FF-44DD-422B-9809-C0B002A4CF00}.Debug|x64.Build.0 = Debug|x64
		{00FBA3FF-44DD-422B-9809-C0B002A4CF00}.Debug|x86.ActiveCfg = Debug|Win32
		{00FBA3FF-44DD-422B-9809-C0B002A4CF00}.Debug|x86.Build.0 = Debug|Win32
		{00FBA3FF-44DD-422B-9809-C0B002A4CF00}.Release|x64.ActiveCfg = Release|x64
		{00FBA3FF-44DD-422B-9809-C0B002A4CF00}.Release|x64.Build.0 = Release|x64
		{00FBA3FF-44DD-422B-9809-C0B002A4CF00}.Release|x86.ActiveCfg = Release|Win32
		{00FBA3FF-44DD-422B-9809-C0B002A4CF00}.Release|x86.Build.0 = Release|Win32
		{96B4F449-1D97-4D82-AFEB-B03D6C4D015F}.Debug|x64.ActiveCfg = Debug|x64
		{96B4F449-1D97-4D82-AFEB-B03D6C4D015F}.Debug|x64.Build.0 = Debug|x64
		{96B4F449-1D97-4D82-AFEB-B03D6C4D015F}.Debug|x86.ActiveCfg = Debug|Win32
		{96B4F449-1D97-4D82-AFEB-B03D6C4D015F}.Debug|x86.Build.0 = Debug|Win32
		{96B4F449-1D97-4D82-AFEB-B03D6C4D015F}.Release|x64.ActiveCfg = Release|x64
		{96B4F449-1D97-4D82-AFEB-B03D6C4D015F}.Release|x64.Build.0 = Release|x64
		{96B4F449-1D97-4D82-AFEB-B03D6C4D015F}.Release|x86.ActiveCfg = Release|Win32
		{96B4F449-1D97-4D82-AFEB-B03D6C4D015F}.Release|x86.Build.0 = Release|Win32
		{FF292D16-974B-45AD-BA15-63B493D63D6B}.Debug|x64.ActiveCfg = Debug|x64
		{FF292D16-974B-45AD-BA15-63B493D63D6B}.Debug|x64.Build.0 = Debug|x64
		{FF292D16-974B-45AD-BA15-63B493D63D6B}.Debug|x86.ActiveCfg = Debug|Win32
		{FF292D16-974B-45AD-BA15-63B493D63D6B}.Debug|x86.Build.0 = Debug|Win32
		{FF292D16-974B-45AD-BA15-63B493D63D6B}.Release|x64.ActiveCfg = Release|x64
		{FF292D16-974B-45AD-BA15-63B493D63D6B}.Release|x64.Build.0 = Release|x64
		{FF292D16-974B-45AD-BA15-63B493D63D6B}.Release|x86.ActiveCfg = Release|Win32
		{FF292D16-974B-45AD-BA15-63B493D63D6B}.Release|x86.Build.0 = Release|Win32
		{5843B23E-CE95-4EB0-8C7E-4D45B2552CB7}.Debug|x64.ActiveCfg = Debug|x64
		{5843B23E-CE95-4EB0-8C7E-4D45B2552CB7}.Debug|x64.Build.0 = Debug|x64
		{5843B23E-CE95-4EB0-8C7E-4D45B2552CB7}.Debug|x86.ActiveCfg = Debug|Win32
		{5843B23E-CE95-4EB0-8C7E-4D45B2552CB7}.Debug|x86.Build.0 = Debug|Win32
		{5843B23E-CE95-4EB0-8C7E-4D45B2552CB7}.Release|x64.ActiveCfg = Release|x64
		{5843B23E-CE95-4EB0-8C7E-4D45B2552CB7}.Release|x64.Build.0 = Release|x64
		{5843B23E-CE95-4EB0-8C7E-4D45B2552CB7}.Release|x86.ActiveCfg = Release|Win32
		{5843B23E-CE95-4EB0-8C7E-4D45B2552CB7}.Release|x86.Build.0 = Release|Win32
		{29D5E488-B746-436B-B1A7-C73508D5F940}.Debug|x64.ActiveCfg = Debug|x64
		{29D5E488-B746-436B-B1A7-C73508D5F940}.Debug|x64.Build.0 = Debug|x64
		{29D5E488-B746-436B-B1A7-C73508D5F940}.Debug|x86.ActiveCfg = Debug|Win32
		{29D5E488-B746-436B-B1A7-C73508D5F940}.Debug|x86.Build.0 = Debug|Win32
		{29D5E488-B746-436B-B1A7-C73508D5F940}.Release|x64.ActiveCfg = Release|x64
		{29D5E488-B746-436B-B1A7-C73508D5F940}.Release|x64.Build.0 = Release|x64
		{29D5E488-B746-436B-B1A7-C73508D5F940}.Release|x86.ActiveCfg = Release|Win32
		{29D5E488-B746-436B-B1A7-C73508D5F940}.Release|x86.Build.0 = Release|Win32
		{34ADB347-8D31-498F-AF82-CDC35251A743}.Debug|x64.ActiveCfg = Debug|x64
		{34ADB347-8D31-498F-AF82-CDC35251A743}.Debug|x64.Build.0 = Debug|x64
		{34ADB347-8D31-498F-AF82-CDC35251A743}.Debug|x86.ActiveCfg = Debug|Win32
		{34ADB347-8D31-498F-AF82-CDC35251A743}.Debug|x86.Build.0 = Debug|Win32
		{34ADB347-8D31-498F-AF82-CDC35251A743}.Release|x64.ActiveCfg = Release|x64
		{34ADB347-8D31-498F-AF82-CDC35251A743}.Release|x64.Build.0 = Release|x64
		{34ADB347-8D31-498F-AF82-CDC35251A743}.Release|x86.ActiveCfg = Release|Win32
		{34ADB347-8D31-498F-AF82-CDC35251A743}.Release|x86.Build.0 = Release|Win32
		{5EF04DF1-6B9F-4B9E-AB98-248F1D977F1E}.Debug|x64.ActiveCfg = Debug|x64
		{5EF04DF1-6B9F-4B9E-AB98-248F1D977F1E}.Debug|x64.Build.0 = Debug|x64
		{5EF04DF1-6B9F-4B9E-AB98-248F1D977F1E}.Debug|x86.ActiveCfg = Debug|Win32
		{5EF04DF1-6B9F-4B9E-AB98-248F1D977F1E}.Debug|x86.Build.0 = Debug|Win32
		{5EF04DF1-6B9F-4B9E-AB98-248F1D977F1E}.Release|x64.ActiveCfg = Release|x64
		{5EF04DF1-6B9F-4B9E-AB98-248F1D977F1E}.Release|x64.Build.0 = Release|x64
		{5EF04DF1-6B9F-4B9E-AB98-248F1D977F1E}.Release|x86.ActiveCfg = Release|Win32
		{5EF04DF1-6B9F-4B9E-AB98-248F1D977F1E}.Release|x86.Build.0 = Release|Win32
		{6BC92C26-8102-42B2-BC3A-0C79A2A15EE8}.Debug|x64.ActiveCfg = Debug|x64
		{6BC92C26-8102-42B2-BC3A-0C79A2A15EE8}.Debug|x64.Build.0 = Debug|x64
		{6BC92C26-8102-42B2-BC3A-0C79A2A15EE8}.Debug|x86.ActiveCfg = Debug|Win32
		{6BC92C26-8102-42B2-BC3A-0C79A2A15EE8}.Debug|x86.Build.0 = Debug|Win32
		{6BC92C26-8102-42B2-BC3A-0C79A2A15EE8}.Release|x64.ActiveCfg = Release|x64
		{6BC92C26-8102-42B2-BC3A-0C79A2A15EE8}.Release|x64.Build.0 = Release|x64
		{6BC92C26-8102-42B2-BC3A-0C79A2A15EE8}.Release|x86.ActiveCfg = Release|Win32
		{6BC92C26-8102-42B2-BC3A-0C79A2A15EE8}.Release|x86.Build.0 = Release|Win32
		{3235917B-786A-4E7C-8C39-7B7E4FB3CA5D}.Debug|x64.ActiveCfg = Debug|x64
		{3235917B-786A-4E7C-8C39-7B7E4FB3CA5D}.Debug|x64.Build.0 = Debug|x64
		{3235917B-786A-4E7C-8C39-7B7E4FB3CA5D}.Debug|x86.ActiveCfg = Debug|Win32
		{3235917B-786A-4E7C-8C39-7B7E4FB3CA5D}.Debug|x86.Build.0 = Debug|Win32
		{3235917B-786A-4E7C-8C39-7B7E4FB3CA5D}.Release|x64.ActiveCfg = Release|x64
		{3235917B-786A-4E7C-8C39-7B7E4FB3CA5D}.Release|x64.Build.0 = Release|x64
		{3235917B-786A-4E7C-8C39-7B7E4FB3CA5D}.Release|x86.ActiveCfg = Release|Win32
		{3235917B-786A-4E7C-8C39-7B7E4FB3CA5D}.Release|x86.Build.0 = Release|Win32
		{CBE663F0-9044-401E-9E51-C7ACB5790E8F}.Debug|x64.ActiveCfg = Debug|x64
		{CBE663F0-9044-401E-9E51-C7ACB5790E8F}.Debug|x64.Build.0 = Debug|x64
		{CBE663F0-9044-401E-9E51-C7ACB5790E8F}.Debug|x86.ActiveCfg = Debug|Win32
		{CBE663F0-9044-401E-9E51-C7ACB5790E8F}.Debug|x86.Build.0 = Debug|Win32
		{CBE663F0-9044-401E-9E51-C7ACB5790E8F}.Release|x64.ActiveCfg = Release|x64
		{CBE663F0-9044-401E-9E51-C7ACB5790E8F}.Release|x64.Build.0 = Release|x64
		{CBE663F0-9044-401E-9E51-C7ACB5790E8F}.Release|x86.ActiveCfg = Release|Win32
		{CBE663F0-9044-401E-9E51-C7ACB5790E8F}.Release|x86.Build.0 = Release|Win32
	EndGlobalSection
	GlobalSection(SolutionProperties) = preSolution
		HideSolutionNode = FALSE
	EndGlobalSection
	GlobalSection(NestedProjects) = preSolution
		{6672C7D2-41D9-44B3-B6C2-BBDA69D5DCA5} = {38D9AD87-8AD9-49FF-B24E-EFFD856FB804}
		{7D6738AC-BD1B-4C04-B6C9-0D5B79494C19} = {38D9AD87-8AD9-49FF-B24E-EFFD856FB804}
		{766A11FB-6867-4B3C-80CE-7FB3D252F89F} = {38D9AD87-8AD9-49FF-B24E-EFFD856FB804}
		{297DCFA7-2A64-4692-91AC-C56D164F71D8} = {38D9AD87-8AD9-49FF-B24E-EFFD856FB804}
		{29933127-5EF3-4BD8-9D22-AC8E92DE0E22} = {38D9AD87-8AD9-49FF-B24E-EFFD856FB804}
		{807A11EF-AC5F-4BC9-92EA-66A89F24F07E} = {38D9AD87-8AD9-49FF-B24E-EFFD856FB804}
		{57A05AF1-8B67-4F6A-BE52-E7A70D90DEE8} = {E50DC2AB-7483-47C6-8ECB-B951E43B6C9F}
		{7EC7230F-A1A3-496E-BB04-16C8EA659EDA} = {38D9AD87-8AD9-49FF-B24E-EFFD856FB804}
		{FF942CF8-C8B3-4195-B6DE-4B64EE95191A} = {DE9E14B1-EEE3-4742-B33D-6BBE34D2BD91}
		{334B2874-D8AD-4056-8B9E-CC2F8BB2F437} = {DE9E14B1-EEE3-4742-B33D-6BBE34D2BD91}
		{00FBA3FF-44DD-422B-9809-C0B002A4CF00} = {A9CF35EF-95FA-4F1D-BB91-9F024668AAD9}
		{96B4F449-1D97-4D82-AFEB-B03D6C4D015F} = {DE9E14B1-EEE3-4742-B33D-6BBE34D2BD91}
		{FF292D16-974B-45AD-BA15-63B493D63D6B} = {DE9E14B1-EEE3-4742-B33D-6BBE34D2BD91}
		{5843B23E-CE95-4EB0-8C7E-4D45B2552CB7} = {3BD39084-7D0F-465A-9DAC-1ECF01676265}
		{29D5E488-B746-436B-B1A7-C73508D5F940} = {3BD39084-7D0F-465A-9DAC-1ECF01676265}
		{34ADB347-8D31-498F-AF82-CDC35251A743} = {A9CF35EF-95FA-4F1D-BB91-9F024668AAD9}
		{5EF04DF1-6B9F-4B9E-AB98-248F1D977F1E} = {A9CF35EF-95FA-4F1D-BB91-9F024668AAD9}
		{6BC92C26-8102-42B2-BC3A-0C79A2A15EE8} = {3BD39084-7D0F-465A-9DAC-1ECF01676265}
		{3235917B-786A-4E7C-8C39-7B7E4FB3CA5D} = {3BD39084-7D0F-465A-9DAC-1ECF01676265}
		{CBE663F0-9044-401E-9E51-C7ACB5790E8F} = {2619B47A-4A24-45F0-A7FB-3DF447D6522A}
	EndGlobalSection
	GlobalSection(ExtensibilityGlobals) = postSolution
		SolutionGuid = {0AE31118-E1C4-4C48-8102-C5F0A100AFE2}
	EndGlobalSection
EndGlobal
