<?xml version="1.0" encoding="utf-8"?>
<Project ToolsVersion="4.0" xmlns="http://schemas.microsoft.com/developer/msbuild/2003">
  <ItemGroup>
    <ClCompile Include="main.cpp">
      <Filter>소스 파일</Filter>
    </ClCompile>
    <ClCompile Include="VkHelloWorldApplication.cpp">
      <Filter>소스 파일</Filter>
    </ClCompile>
  </ItemGroup>
  <ItemGroup>
    <None Include="Shaders\main.frag">
      <Filter>리소스 파일</Filter>
    </None>
    <None Include="Shaders\main.vert">
      <Filter>리소스 파일</Filter>
    </None>
  </ItemGroup>
  <ItemGroup>
    <Filter Include="리소스 파일">
      <UniqueIdentifier>{a825822b-442a-455e-b141-33d2b33cedb9}</UniqueIdentifier>
    </Filter>
    <Filter Include="소스 파일">
      <UniqueIdentifier>{7084d0de-38e6-4506-9de1-04df76d9c68a}</UniqueIdentifier>
    </Filter>
    <Filter Include="헤더 파일">
      <UniqueIdentifier>{6fa9489e-fbb9-4fd3-a1ee-c42a0f8498fc}</UniqueIdentifier>
    </Filter>
  </ItemGroup>
  <ItemGroup>
    <ClInclude Include="VkHelloWorldApplication.h">
      <Filter>헤더 파일</Filter>
    </ClInclude>
  </ItemGroup>
</Project>