<?xml version="1.0" encoding="utf-8"?>
<Project ToolsVersion="4.0" xmlns="http://schemas.microsoft.com/developer/msbuild/2003">
  <ItemGroup>
    <Filter Include="리소스 파일">
      <UniqueIdentifier>{67DA6AB6-F800-4c08-8B7A-83BB121AAD01}</UniqueIdentifier>
      <Extensions>rc;ico;cur;bmp;dlg;rc2;rct;bin;rgs;gif;jpg;jpeg;jpe;resx;tiff;tif;png;wav;mfcribbon-ms</Extensions>
    </Filter>
    <Filter Include="Core">
      <UniqueIdentifier>{fda223fe-746b-4c00-8021-4a47431edc47}</UniqueIdentifier>
    </Filter>
    <Filter Include="Rendering">
      <UniqueIdentifier>{c5014bea-75a2-47e9-ba11-e8c71f7bf843}</UniqueIdentifier>
    </Filter>
    <Filter Include="Engine">
      <UniqueIdentifier>{78b343cf-2f4f-405f-b794-c0074210dc66}</UniqueIdentifier>
    </Filter>
  </ItemGroup>
  <ItemGroup>
    <ClInclude Include="Core\Mesh.h">
      <Filter>Core</Filter>
    </ClInclude>
    <ClInclude Include="Core\Object.h">
      <Filter>Core</Filter>
    </ClInclude>
    <ClInclude Include="Core\ShaderParameter.h">
      <Filter>Core</Filter>
    </ClInclude>
    <ClInclude Include="Core\Texture.h">
      <Filter>Core</Filter>
    </ClInclude>
    <ClInclude Include="Core\Texture2D.h">
      <Filter>Core</Filter>
    </ClInclude>
    <ClInclude Include="Core\TextureCube.h">
      <Filter>Core</Filter>
    </ClInclude>
    <ClInclude Include="Core\Transform.h">
      <Filter>Core</Filter>
    </ClInclude>
    <ClInclude Include="Core\Utils.h">
      <Filter>Core</Filter>
    </ClInclude>
    <ClInclude Include="Core\Vertex.h">
      <Filter>Core</Filter>
    </ClInclude>
    <ClInclude Include="Core\Widget.h">
      <Filter>Core</Filter>
    </ClInclude>
    <ClInclude Include="Core\Asset.h">
      <Filter>Core</Filter>
    </ClInclude>
    <ClInclude Include="Core\AssetManager.h">
      <Filter>Core</Filter>
    </ClInclude>
    <ClInclude Include="Core\Config.h">
      <Filter>Core</Filter>
    </ClInclude>
    <ClInclude Include="Core\Material.h">
      <Filter>Core</Filter>
    </ClInclude>
    <ClInclude Include="Engine\DirectionalLightActor.h">
      <Filter>Engine</Filter>
    </ClInclude>
    <ClInclude Include="Engine\Engine.h">
      <Filter>Engine</Filter>
    </ClInclude>
    <ClInclude Include="Engine\LightActor.h">
      <Filter>Engine</Filter>
    </ClInclude>
    <ClInclude Include="Engine\MeshActor.h">
      <Filter>Engine</Filter>
    </ClInclude>
    <ClInclude Include="Engine\PointLightActor.h">
      <Filter>Engine</Filter>
    </ClInclude>
    <ClInclude Include="Engine\SkyActor.h">
      <Filter>Engine</Filter>
    </ClInclude>
    <ClInclude Include="Engine\World.h">
      <Filter>Engine</Filter>
    </ClInclude>
    <ClInclude Include="Engine\Actor.h">
      <Filter>Engine</Filter>
    </ClInclude>
    <ClInclude Include="Engine\CameraActor.h">
      <Filter>Engine</Filter>
    </ClInclude>
    <ClInclude Include="Rendering\VulkanImage.h">
      <Filter>Rendering</Filter>
    </ClInclude>
    <ClInclude Include="Rendering\VulkanLight.h">
      <Filter>Rendering</Filter>
    </ClInclude>
    <ClInclude Include="Rendering\VulkanMaterial.h">
      <Filter>Rendering</Filter>
    </ClInclude>
    <ClInclude Include="Rendering\VulkanMesh.h">
      <Filter>Rendering</Filter>
    </ClInclude>
    <ClInclude Include="Rendering\VulkanMeshRenderer.h">
      <Filter>Rendering</Filter>
    </ClInclude>
    <ClInclude Include="Rendering\VulkanModel.h">
      <Filter>Rendering</Filter>
    </ClInclude>
    <ClInclude Include="Rendering\VulkanObject.h">
      <Filter>Rendering</Filter>
    </ClInclude>
    <ClInclude Include="Rendering\VulkanPipeline.h">
      <Filter>Rendering</Filter>
    </ClInclude>
    <ClInclude Include="Rendering\VulkanSampler.h">
      <Filter>Rendering</Filter>
    </ClInclude>
    <ClInclude Include="Rendering\VulkanScene.h">
      <Filter>Rendering</Filter>
    </ClInclude>
    <ClInclude Include="Rendering\VulkanShader.h">
      <Filter>Rendering</Filter>
    </ClInclude>
    <ClInclude Include="Rendering\VulkanTexture.h">
      <Filter>Rendering</Filter>
    </ClInclude>
    <ClInclude Include="Rendering\VulkanUIRenderer.h">
      <Filter>Rendering</Filter>
    </ClInclude>
    <ClInclude Include="Rendering\VulkanBuffer.h">
      <Filter>Rendering</Filter>
    </ClInclude>
    <ClInclude Include="Rendering\VulkanCamera.h">
      <Filter>Rendering</Filter>
    </ClInclude>
    <ClInclude Include="Rendering\VulkanContext.h">
      <Filter>Rendering</Filter>
    </ClInclude>
    <ClInclude Include="Rendering\VulkanHelpers.h">
      <Filter>Rendering</Filter>
    </ClInclude>
    <ClInclude Include="Rendering\VulkanRenderPass.h">
      <Filter>Rendering</Filter>
    </ClInclude>
    <ClInclude Include="Rendering\VulkanFramebuffer.h">
      <Filter>Rendering</Filter>
    </ClInclude>
    <ClInclude Include="Rendering\VulkanSwapchain.h">
      <Filter>Rendering</Filter>
    </ClInclude>
    <ClInclude Include="Rendering\VulkanViewport.h">
      <Filter>Rendering</Filter>
    </ClInclude>
    <ClInclude Include="Rendering\VulkanRenderer.h">
      <Filter>Rendering</Filter>
    </ClInclude>
    <ClInclude Include="Rendering\VulkanSkyRenderer.h">
      <Filter>Rendering</Filter>
    </ClInclude>
  </ItemGroup>
  <ItemGroup>
    <ClCompile Include="Core\Texture.cpp">
      <Filter>Core</Filter>
    </ClCompile>
    <ClCompile Include="Core\Texture2D.cpp">
      <Filter>Core</Filter>
    </ClCompile>
    <ClCompile Include="Core\TextureCube.cpp">
      <Filter>Core</Filter>
    </ClCompile>
    <ClCompile Include="Core\Transform.cpp">
      <Filter>Core</Filter>
    </ClCompile>
    <ClCompile Include="Core\Utils.cpp">
      <Filter>Core</Filter>
    </ClCompile>
    <ClCompile Include="Core\Vertex.cpp">
      <Filter>Core</Filter>
    </ClCompile>
    <ClCompile Include="Core\Widget.cpp">
      <Filter>Core</Filter>
    </ClCompile>
    <ClCompile Include="Core\Asset.cpp">
      <Filter>Core</Filter>
    </ClCompile>
    <ClCompile Include="Core\AssetManager.cpp">
      <Filter>Core</Filter>
    </ClCompile>
    <ClCompile Include="Core\Config.cpp">
      <Filter>Core</Filter>
    </ClCompile>
    <ClCompile Include="Core\Material.cpp">
      <Filter>Core</Filter>
    </ClCompile>
    <ClCompile Include="Core\Mesh.cpp">
      <Filter>Core</Filter>
    </ClCompile>
    <ClCompile Include="Engine\DirectionalLightActor.cpp">
      <Filter>Engine</Filter>
    </ClCompile>
    <ClCompile Include="Engine\Engine.cpp">
      <Filter>Engine</Filter>
    </ClCompile>
    <ClCompile Include="Engine\LightActor.cpp">
      <Filter>Engine</Filter>
    </ClCompile>
    <ClCompile Include="Engine\MeshActor.cpp">
      <Filter>Engine</Filter>
    </ClCompile>
    <ClCompile Include="Engine\PointLightActor.cpp">
      <Filter>Engine</Filter>
    </ClCompile>
    <ClCompile Include="Engine\SkyActor.cpp">
      <Filter>Engine</Filter>
    </ClCompile>
    <ClCompile Include="Engine\World.cpp">
      <Filter>Engine</Filter>
    </ClCompile>
    <ClCompile Include="Engine\Actor.cpp">
      <Filter>Engine</Filter>
    </ClCompile>
    <ClCompile Include="Engine\CameraActor.cpp">
      <Filter>Engine</Filter>
    </ClCompile>
    <ClCompile Include="Rendering\VulkanMaterial.cpp">
      <Filter>Rendering</Filter>
    </ClCompile>
    <ClCompile Include="Rendering\VulkanMesh.cpp">
      <Filter>Rendering</Filter>
    </ClCompile>
    <ClCompile Include="Rendering\VulkanMeshRenderer.cpp">
      <Filter>Rendering</Filter>
    </ClCompile>
    <ClCompile Include="Rendering\VulkanModel.cpp">
      <Filter>Rendering</Filter>
    </ClCompile>
    <ClCompile Include="Rendering\VulkanObject.cpp">
      <Filter>Rendering</Filter>
    </ClCompile>
    <ClCompile Include="Rendering\VulkanPipeline.cpp">
      <Filter>Rendering</Filter>
    </ClCompile>
    <ClCompile Include="Rendering\VulkanSampler.cpp">
      <Filter>Rendering</Filter>
    </ClCompile>
    <ClCompile Include="Rendering\VulkanScene.cpp">
      <Filter>Rendering</Filter>
    </ClCompile>
    <ClCompile Include="Rendering\VulkanShader.cpp">
      <Filter>Rendering</Filter>
    </ClCompile>
    <ClCompile Include="Rendering\VulkanTexture.cpp">
      <Filter>Rendering</Filter>
    </ClCompile>
    <ClCompile Include="Rendering\VulkanUIRenderer.cpp">
      <Filter>Rendering</Filter>
    </ClCompile>
    <ClCompile Include="Rendering\VulkanBuffer.cpp">
      <Filter>Rendering</Filter>
    </ClCompile>
    <ClCompile Include="Rendering\VulkanContext.cpp">
      <Filter>Rendering</Filter>
    </ClCompile>
    <ClCompile Include="Rendering\VulkanHelpers.cpp">
      <Filter>Rendering</Filter>
    </ClCompile>
    <ClCompile Include="Rendering\VulkanImage.cpp">
      <Filter>Rendering</Filter>
    </ClCompile>
    <ClCompile Include="Rendering\VulkanRenderPass.cpp">
      <Filter>Rendering</Filter>
    </ClCompile>
    <ClCompile Include="Rendering\VulkanFramebuffer.cpp">
      <Filter>Rendering</Filter>
    </ClCompile>
    <ClCompile Include="Rendering\VulkanSwapchain.cpp">
      <Filter>Rendering</Filter>
    </ClCompile>
    <ClCompile Include="Rendering\VulkanViewport.cpp">
      <Filter>Rendering</Filter>
    </ClCompile>
    <ClCompile Include="Rendering\VulkanRenderer.cpp">
      <Filter>Rendering</Filter>
    </ClCompile>
    <ClCompile Include="Rendering\VulkanSkyRenderer.cpp">
      <Filter>Rendering</Filter>
    </ClCompile>
  </ItemGroup>
</Project>